PODS:
  - Alamofire (5.4.4)
  - CircularCarousel (1.0.0)
  - ConfettiView-NSHipster (0.3.1)
  - Kingfisher (7.1.2)
  - RxCocoa (6.2.0):
    - RxRelay (= 6.2.0)
    - RxSwift (= 6.2.0)
  - RxRelay (6.2.0):
    - RxSwift (= 6.2.0)
  - RxSwift (6.2.0)

DEPENDENCIES:
  - Alamofire
  - CircularCarousel
  - ConfettiView-NSHipster
  - Kingfisher
  - RxCocoa
  - RxSwift

SPEC REPOS:
  trunk:
    - Alamofire
    - CircularCarousel
    - ConfettiView-NSHipster
    - Kingfisher
    - RxCocoa
    - RxRelay
    - RxSwift

SPEC CHECKSUMS:
  Alamofire: f3b09a368f1582ab751b3fff5460276e0d2cf5c9
  CircularCarousel: 6248f5892c018fc2d115d4d5186be91d46bacbea
  ConfettiView-NSHipster: dd3f241dc342250ee37e0fc07e6d1adb6695eb0b
  Kingfisher: 44ed6a8504763f27bab46163adfac83f5deb240c
  RxCocoa: 4baf94bb35f2c0ab31bc0cb9f1900155f646ba42
  RxRelay: e72dbfd157807478401ef1982e1c61c945c94b2f
  RxSwift: d356ab7bee873611322f134c5f9ef379fa183d8f

PODFILE CHECKSUM: bb499781024c1300200d2a49022bba059d185ee6

COCOAPODS: 1.11.2
